// !$*UTF8*$!
{
	archiveVersion = 1;
	classes = {
	};
	objectVersion = 50;
	objects = {

/* Begin PBXBuildFile section */
		157C31FB238673DD0063D662 /* AppDelegate.swift in Sources */ = {isa = PBXBuildFile; fileRef = 157C31FA238673DD0063D662 /* AppDelegate.swift */; };
		157C31FD238673DD0063D662 /* SceneDelegate.swift in Sources */ = {isa = PBXBuildFile; fileRef = 157C31FC238673DD0063D662 /* SceneDelegate.swift */; };
		157C31FF238673DD0063D662 /* ContentView.swift in Sources */ = {isa = PBXBuildFile; fileRef = 157C31FE238673DD0063D662 /* ContentView.swift */; };
		157C3201238673DF0063D662 /* Assets.xcassets in Resources */ = {isa = PBXBuildFile; fileRef = 157C3200238673DF0063D662 /* Assets.xcassets */; };
		157C3204238673DF0063D662 /* Preview Assets.xcassets in Resources */ = {isa = PBXBuildFile; fileRef = 157C3203238673DF0063D662 /* Preview Assets.xcassets */; };
		157C3207238673DF0063D662 /* LaunchScreen.storyboard in Resources */ = {isa = PBXBuildFile; fileRef = 157C3205238673DF0063D662 /* LaunchScreen.storyboard */; };
		157C3212238673DF0063D662 /* FirstSwiftUIAppTests.swift in Sources */ = {isa = PBXBuildFile; fileRef = 157C3211238673DF0063D662 /* FirstSwiftUIAppTests.swift */; };
/* End PBXBuildFile section */

/* Begin PBXContainerItemProxy section */
		157C320E238673DF0063D662 /* PBXContainerItemProxy */ = {
			isa = PBXContainerItemProxy;
			containerPortal = 157C31EF238673DD0063D662 /* Project object */;
			proxyType = 1;
			remoteGlobalIDString = 157C31F6238673DD0063D662;
			remoteInfo = FirstSwiftUIApp;
		};
/* End PBXContainerItemProxy section */

/* Begin PBXFileReference section */
		157C31F7238673DD0063D662 /* FirstSwiftUIApp.app */ = {isa = PBXFileReference; explicitFileType = wrapper.application; includeInIndex = 0; path = FirstSwiftUIApp.app; sourceTree = BUILT_PRODUCTS_DIR; };
		157C31FA238673DD0063D662 /* AppDelegate.swift */ = {isa = PBXFileReference; lastKnownFileType = sourcecode.swift; path = AppDelegate.swift; sourceTree = "<group>"; };
		157C31FC238673DD0063D662 /* SceneDelegate.swift */ = {isa = PBXFileReference; lastKnownFileType = sourcecode.swift; path = SceneDelegate.swift; sourceTree = "<group>"; };
		157C31FE238673DD0063D662 /* ContentView.swift */ = {isa = PBXFileReference; lastKnownFileType = sourcecode.swift; path = ContentView.swift; sourceTree = "<group>"; };
		157C3200238673DF0063D662 /* Assets.xcassets */ = {isa = PBXFileReference; lastKnownFileType = folder.assetcatalog; path = Assets.xcassets; sourceTree = "<group>"; };
		157C3203238673DF0063D662 /* Preview Assets.xcassets */ = {isa = PBXFileReference; lastKnownFileType = folder.assetcatalog; path = "Preview Assets.xcassets"; sourceTree = "<group>"; };
		157C3206238673DF0063D662 /* Base */ = {isa = PBXFileReference; lastKnownFileType = file.storyboard; name = Base; path = Base.lproj/LaunchScreen.storyboard; sourceTree = "<group>"; };
		157C3208238673DF0063D662 /* Info.plist */ = {isa = PBXFileReference; lastKnownFileType = text.plist.xml; path = Info.plist; sourceTree = "<group>"; };
		157C320D238673DF0063D662 /* FirstSwiftUIAppTests.xctest */ = {isa = PBXFileReference; explicitFileType = wrapper.cfbundle; includeInIndex = 0; path = FirstSwiftUIAppTests.xctest; sourceTree = BUILT_PRODUCTS_DIR; };
		157C3211238673DF0063D662 /* FirstSwiftUIAppTests.swift */ = {isa = PBXFileReference; lastKnownFileType = sourcecode.swift; path = FirstSwiftUIAppTests.swift; sourceTree = "<group>"; };
		157C3213238673DF0063D662 /* Info.plist */ = {isa = PBXFileReference; lastKnownFileType = text.plist.xml; path = Info.plist; sourceTree = "<group>"; };
/* End PBXFileReference section */

/* Begin PBXFrameworksBuildPhase section */
		157C31F4238673DD0063D662 /* Frameworks */ = {
			isa = PBXFrameworksBuildPhase;
			buildActionMask = 2147483647;
			files = (
			);
			runOnlyForDeploymentPostprocessing = 0;
		};
		157C320A238673DF0063D662 /* Frameworks */ = {
			isa = PBXFrameworksBuildPhase;
			buildActionMask = 2147483647;
			files = (
			);
			runOnlyForDeploymentPostprocessing = 0;
		};
/* End PBXFrameworksBuildPhase section */

/* Begin PBXGroup section */
		157C31EE238673DD0063D662 = {
			isa = PBXGroup;
			children = (
				157C31F9238673DD0063D662 /* FirstSwiftUIApp */,
				157C3210238673DF0063D662 /* FirstSwiftUIAppTests */,
				157C31F8238673DD0063D662 /* Products */,
			);
			sourceTree = "<group>";
		};
		157C31F8238673DD0063D662 /* Products */ = {
			isa = PBXGroup;
			children = (
				157C31F7238673DD0063D662 /* FirstSwiftUIApp.app */,
				157C320D238673DF0063D662 /* FirstSwiftUIAppTests.xctest */,
			);
			name = Products;
			sourceTree = "<group>";
		};
		157C31F9238673DD0063D662 /* FirstSwiftUIApp */ = {
			isa = PBXGroup;
			children = (
				157C31FA238673DD0063D662 /* AppDelegate.swift */,
				157C31FC238673DD0063D662 /* SceneDelegate.swift */,
				157C31FE238673DD0063D662 /* ContentView.swift */,
				157C3200238673DF0063D662 /* Assets.xcassets */,
				157C3205238673DF0063D662 /* LaunchScreen.storyboard */,
				157C3208238673DF0063D662 /* Info.plist */,
				157C3202238673DF0063D662 /* Preview Content */,
			);
			path = FirstSwiftUIApp;
			sourceTree = "<group>";
		};
		157C3202238673DF0063D662 /* Preview Content */ = {
			isa = PBXGroup;
			children = (
				157C3203238673DF0063D662 /* Preview Assets.xcassets */,
			);
			path = "Preview Content";
			sourceTree = "<group>";
		};
		157C3210238673DF0063D662 /* FirstSwiftUIAppTests */ = {
			isa = PBXGroup;
			children = (
				157C3211238673DF0063D662 /* FirstSwiftUIAppTests.swift */,
				157C3213238673DF0063D662 /* Info.plist */,
			);
			path = FirstSwiftUIAppTests;
			sourceTree = "<group>";
		};
/* End PBXGroup section */

/* Begin PBXNativeTarget section */
		157C31F6238673DD0063D662 /* FirstSwiftUIApp */ = {
			isa = PBXNativeTarget;
			buildConfigurationList = 157C3216238673DF0063D662 /* Build configuration list for PBXNativeTarget "FirstSwiftUIApp" */;
			buildPhases = (
				157C31F3238673DD0063D662 /* Sources */,
				157C31F4238673DD0063D662 /* Frameworks */,
				157C31F5238673DD0063D662 /* Resources */,
			);
			buildRules = (
			);
			dependencies = (
			);
			name = FirstSwiftUIApp;
			productName = FirstSwiftUIApp;
			productReference = 157C31F7238673DD0063D662 /* FirstSwiftUIApp.app */;
			productType = "com.apple.product-type.application";
		};
		157C320C238673DF0063D662 /* FirstSwiftUIAppTests */ = {
			isa = PBXNativeTarget;
			buildConfigurationList = 157C3219238673DF0063D662 /* Build configuration list for PBXNativeTarget "FirstSwiftUIAppTests" */;
			buildPhases = (
				157C3209238673DF0063D662 /* Sources */,
				157C320A238673DF0063D662 /* Frameworks */,
				157C320B238673DF0063D662 /* Resources */,
			);
			buildRules = (
			);
			dependencies = (
				157C320F238673DF0063D662 /* PBXTargetDependency */,
			);
			name = FirstSwiftUIAppTests;
			productName = FirstSwiftUIAppTests;
			productReference = 157C320D238673DF0063D662 /* FirstSwiftUIAppTests.xctest */;
			productType = "com.apple.product-type.bundle.unit-test";
		};
/* End PBXNativeTarget section */

/* Begin PBXProject section */
		157C31EF238673DD0063D662 /* Project object */ = {
			isa = PBXProject;
			attributes = {
				LastSwiftUpdateCheck = 1120;
				LastUpgradeCheck = 1120;
				ORGANIZATIONNAME = annpriya;
				TargetAttributes = {
					157C31F6238673DD0063D662 = {
						CreatedOnToolsVersion = 11.2.1;
					};
					157C320C238673DF0063D662 = {
						CreatedOnToolsVersion = 11.2.1;
						TestTargetID = 157C31F6238673DD0063D662;
					};
				};
			};
			buildConfigurationList = 157C31F2238673DD0063D662 /* Build configuration list for PBXProject "FirstSwiftUIApp" */;
			compatibilityVersion = "Xcode 9.3";
			developmentRegion = en;
			hasScannedForEncodings = 0;
			knownRegions = (
				en,
				Base,
			);
			mainGroup = 157C31EE238673DD0063D662;
			productRefGroup = 157C31F8238673DD0063D662 /* Products */;
			projectDirPath = "";
			projectRoot = "";
			targets = (
				157C31F6238673DD0063D662 /* FirstSwiftUIApp */,
				157C320C238673DF0063D662 /* FirstSwiftUIAppTests */,
			);
		};
/* End PBXProject section */

/* Begin PBXResourcesBuildPhase section */
		157C31F5238673DD0063D662 /* Resources */ = {
			isa = PBXResourcesBuildPhase;
			buildActionMask = 2147483647;
			files = (
				157C3207238673DF0063D662 /* LaunchScreen.storyboard in Resources */,
				157C3204238673DF0063D662 /* Preview Assets.xcassets in Resources */,
				157C3201238673DF0063D662 /* Assets.xcassets in Resources */,
			);
			runOnlyForDeploymentPostprocessing = 0;
		};
		157C320B238673DF0063D662 /* Resources */ = {
			isa = PBXResourcesBuildPhase;
			buildActionMask = 2147483647;
			files = (
			);
			runOnlyForDeploymentPostprocessing = 0;
		};
/* End PBXResourcesBuildPhase section */

/* Begin PBXSourcesBuildPhase section */
		157C31F3238673DD0063D662 /* Sources */ = {
			isa = PBXSourcesBuildPhase;
			buildActionMask = 2147483647;
			files = (
				157C31FB238673DD0063D662 /* AppDelegate.swift in Sources */,
				157C31FD238673DD0063D662 /* SceneDelegate.swift in Sources */,
				157C31FF238673DD0063D662 /* ContentView.swift in Sources */,
			);
			runOnlyForDeploymentPostprocessing = 0;
		};
		157C3209238673DF0063D662 /* Sources */ = {
			isa = PBXSourcesBuildPhase;
			buildActionMask = 2147483647;
			files = (
				157C3212238673DF0063D662 /* FirstSwiftUIAppTests.swift in Sources */,
			);
			runOnlyForDeploymentPostprocessing = 0;
		};
/* End PBXSourcesBuildPhase section */

/* Begin PBXTargetDependency section */
		157C320F238673DF0063D662 /* PBXTargetDependency */ = {
			isa = PBXTargetDependency;
			target = 157C31F6238673DD0063D662 /* FirstSwiftUIApp */;
			targetProxy = 157C320E238673DF0063D662 /* PBXContainerItemProxy */;
		};
/* End PBXTargetDependency section */

/* Begin PBXVariantGroup section */
		157C3205238673DF0063D662 /* LaunchScreen.storyboard */ = {
			isa = PBXVariantGroup;
			children = (
				157C3206238673DF0063D662 /* Base */,
			);
			name = LaunchScreen.storyboard;
			sourceTree = "<group>";
		};
/* End PBXVariantGroup section */

/* Begin XCBuildConfiguration section */
		157C3214238673DF0063D662 /* Debug */ = {
			isa = XCBuildConfiguration;
			buildSettings = {
				ALWAYS_SEARCH_USER_PATHS = NO;
				CLANG_ANALYZER_NONNULL = YES;
				CLANG_ANALYZER_NUMBER_OBJECT_CONVERSION = YES_AGGRESSIVE;
				CLANG_CXX_LANGUAGE_STANDARD = "gnu++14";
				CLANG_CXX_LIBRARY = "libc++";
				CLANG_ENABLE_MODULES = YES;
				CLANG_ENABLE_OBJC_ARC = YES;
				CLANG_ENABLE_OBJC_WEAK = YES;
				CLANG_WARN_BLOCK_CAPTURE_AUTORELEASING = YES;
				CLANG_WARN_BOOL_CONVERSION = YES;
				CLANG_WARN_COMMA = YES;
				CLANG_WARN_CONSTANT_CONVERSION = YES;
				CLANG_WARN_DEPRECATED_OBJC_IMPLEMENTATIONS = YES;
				CLANG_WARN_DIRECT_OBJC_ISA_USAGE = YES_ERROR;
				CLANG_WARN_DOCUMENTATION_COMMENTS = YES;
				CLANG_WARN_EMPTY_BODY = YES;
				CLANG_WARN_ENUM_CONVERSION = YES;
				CLANG_WARN_INFINITE_RECURSION = YES;
				CLANG_WARN_INT_CONVERSION = YES;
				CLANG_WARN_NON_LITERAL_NULL_CONVERSION = YES;
				CLANG_WARN_OBJC_IMPLICIT_RETAIN_SELF = YES;
				CLANG_WARN_OBJC_LITERAL_CONVERSION = YES;
				CLANG_WARN_OBJC_ROOT_CLASS = YES_ERROR;
				CLANG_WARN_RANGE_LOOP_ANALYSIS = YES;
				CLANG_WARN_STRICT_PROTOTYPES = YES;
				CLANG_WARN_SUSPICIOUS_MOVE = YES;
				CLANG_WARN_UNGUARDED_AVAILABILITY = YES_AGGRESSIVE;
				CLANG_WARN_UNREACHABLE_CODE = YES;
				CLANG_WARN__DUPLICATE_METHOD_MATCH = YES;
				COPY_PHASE_STRIP = NO;
				DEBUG_INFORMATION_FORMAT = dwarf;
				ENABLE_STRICT_OBJC_MSGSEND = YES;
				ENABLE_TESTABILITY = YES;
				GCC_C_LANGUAGE_STANDARD = gnu11;
				GCC_DYNAMIC_NO_PIC = NO;
				GCC_NO_COMMON_BLOCKS = YES;
				GCC_OPTIMIZATION_LEVEL = 0;
				GCC_PREPROCESSOR_DEFINITIONS = (
					"DEBUG=1",
					"$(inherited)",
				);
				GCC_WARN_64_TO_32_BIT_CONVERSION = YES;
				GCC_WARN_ABOUT_RETURN_TYPE = YES_ERROR;
				GCC_WARN_UNDECLARED_SELECTOR = YES;
				GCC_WARN_UNINITIALIZED_AUTOS = YES_AGGRESSIVE;
				GCC_WARN_UNUSED_FUNCTION = YES;
				GCC_WARN_UNUSED_VARIABLE = YES;
				IPHONEOS_DEPLOYMENT_TARGET = 13.2;
				MTL_ENABLE_DEBUG_INFO = INCLUDE_SOURCE;
				MTL_FAST_MATH = YES;
				ONLY_ACTIVE_ARCH = YES;
				SDKROOT = iphoneos;
				SWIFT_ACTIVE_COMPILATION_CONDITIONS = DEBUG;
				SWIFT_OPTIMIZATION_LEVEL = "-Onone";
			};
			name = Debug;
		};
		157C3215238673DF0063D662 /* Release */ = {
			isa = XCBuildConfiguration;
			buildSettings = {
				ALWAYS_SEARCH_USER_PATHS = NO;
				CLANG_ANALYZER_NONNULL = YES;
				CLANG_ANALYZER_NUMBER_OBJECT_CONVERSION = YES_AGGRESSIVE;
				CLANG_CXX_LANGUAGE_STANDARD = "gnu++14";
				CLANG_CXX_LIBRARY = "libc++";
				CLANG_ENABLE_MODULES = YES;
				CLANG_ENABLE_OBJC_ARC = YES;
				CLANG_ENABLE_OBJC_WEAK = YES;
				CLANG_WARN_BLOCK_CAPTURE_AUTORELEASING = YES;
				CLANG_WARN_BOOL_CONVERSION = YES;
				CLANG_WARN_COMMA = YES;
				CLANG_WARN_CONSTANT_CONVERSION = YES;
				CLANG_WARN_DEPRECATED_OBJC_IMPLEMENTATIONS = YES;
				CLANG_WARN_DIRECT_OBJC_ISA_USAGE = YES_ERROR;
				CLANG_WARN_DOCUMENTATION_COMMENTS = YES;
				CLANG_WARN_EMPTY_BODY = YES;
				CLANG_WARN_ENUM_CONVERSION = YES;
				CLANG_WARN_INFINITE_RECURSION = YES;
				CLANG_WARN_INT_CONVERSION = YES;
				CLANG_WARN_NON_LITERAL_NULL_CONVERSION = YES;
				CLANG_WARN_OBJC_IMPLICIT_RETAIN_SELF = YES;
				CLANG_WARN_OBJC_LITERAL_CONVERSION = YES;
				CLANG_WARN_OBJC_ROOT_CLASS = YES_ERROR;
				CLANG_WARN_RANGE_LOOP_ANALYSIS = YES;
				CLANG_WARN_STRICT_PROTOTYPES = YES;
				CLANG_WARN_SUSPICIOUS_MOVE = YES;
				CLANG_WARN_UNGUARDED_AVAILABILITY = YES_AGGRESSIVE;
				CLANG_WARN_UNREACHABLE_CODE = YES;
				CLANG_WARN__DUPLICATE_METHOD_MATCH = YES;
				COPY_PHASE_STRIP = NO;
				DEBUG_INFORMATION_FORMAT = "dwarf-with-dsym";
				ENABLE_NS_ASSERTIONS = NO;
				ENABLE_STRICT_OBJC_MSGSEND = YES;
				GCC_C_LANGUAGE_STANDARD = gnu11;
				GCC_NO_COMMON_BLOCKS = YES;
				GCC_WARN_64_TO_32_BIT_CONVERSION = YES;
				GCC_WARN_ABOUT_RETURN_TYPE = YES_ERROR;
				GCC_WARN_UNDECLARED_SELECTOR = YES;
				GCC_WARN_UNINITIALIZED_AUTOS = YES_AGGRESSIVE;
				GCC_WARN_UNUSED_FUNCTION = YES;
				GCC_WARN_UNUSED_VARIABLE = YES;
				IPHONEOS_DEPLOYMENT_TARGET = 13.2;
				MTL_ENABLE_DEBUG_INFO = NO;
				MTL_FAST_MATH = YES;
				SDKROOT = iphoneos;
				SWIFT_COMPILATION_MODE = wholemodule;
				SWIFT_OPTIMIZATION_LEVEL = "-O";
				VALIDATE_PRODUCT = YES;
			};
			name = Release;
		};
		157C3217238673DF0063D662 /* Debug */ = {
			isa = XCBuildConfiguration;
			buildSettings = {
				ASSETCATALOG_COMPILER_APPICON_NAME = AppIcon;
				CODE_SIGN_STYLE = Automatic;
				DEVELOPMENT_ASSET_PATHS = "\"FirstSwiftUIApp/Preview Content\"";
				ENABLE_PREVIEWS = YES;
				INFOPLIST_FILE = FirstSwiftUIApp/Info.plist;
				LD_RUNPATH_SEARCH_PATHS = (
					"$(inherited)",
					"@executable_path/Frameworks",
				);
				PRODUCT_BUNDLE_IDENTIFIER = com.lbi.FirstSwiftUIApp;
				PRODUCT_NAME = "$(TARGET_NAME)";
				SWIFT_VERSION = 5.0;
				TARGETED_DEVICE_FAMILY = "1,2";
			};
			name = Debug;
		};
		157C3218238673DF0063D662 /* Release */ = {
			isa = XCBuildConfiguration;
			buildSettings = {
				ASSETCATALOG_COMPILER_APPICON_NAME = AppIcon;
				CODE_SIGN_STYLE = Automatic;
				DEVELOPMENT_ASSET_PATHS = "\"FirstSwiftUIApp/Preview Content\"";
				ENABLE_PREVIEWS = YES;
				INFOPLIST_FILE = FirstSwiftUIApp/Info.plist;
				LD_RUNPATH_SEARCH_PATHS = (
					"$(inherited)",
					"@executable_path/Frameworks",
				);
				PRODUCT_BUNDLE_IDENTIFIER = com.lbi.FirstSwiftUIApp;
				PRODUCT_NAME = "$(TARGET_NAME)";
				SWIFT_VERSION = 5.0;
				TARGETED_DEVICE_FAMILY = "1,2";
			};
			name = Release;
		};
		157C321A238673DF0063D662 /* Debug */ = {
			isa = XCBuildConfiguration;
			buildSettings = {
				ALWAYS_EMBED_SWIFT_STANDARD_LIBRARIES = YES;
				BUNDLE_LOADER = "$(TEST_HOST)";
				CODE_SIGN_STYLE = Automatic;
				INFOPLIST_FILE = FirstSwiftUIAppTests/Info.plist;
				IPHONEOS_DEPLOYMENT_TARGET = 13.2;
				LD_RUNPATH_SEARCH_PATHS = (
					"$(inherited)",
					"@executable_path/Frameworks",
					"@loader_path/Frameworks",
				);
				PRODUCT_BUNDLE_IDENTIFIER = com.lbi.FirstSwiftUIAppTests;
				PRODUCT_NAME = "$(TARGET_NAME)";
				SWIFT_VERSION = 5.0;
				TARGETED_DEVICE_FAMILY = "1,2";
				TEST_HOST = "$(BUILT_PRODUCTS_DIR)/FirstSwiftUIApp.app/FirstSwiftUIApp";
			};
			name = Debug;
		};
		157C321B238673DF0063D662 /* Release */ = {
			isa = XCBuildConfiguration;
			buildSettings = {
				ALWAYS_EMBED_SWIFT_STANDARD_LIBRARIES = YES;
				BUNDLE_LOADER = "$(TEST_HOST)";
				CODE_SIGN_STYLE = Automatic;
				INFOPLIST_FILE = FirstSwiftUIAppTests/Info.plist;
				IPHONEOS_DEPLOYMENT_TARGET = 13.2;
				LD_RUNPATH_SEARCH_PATHS = (
					"$(inherited)",
					"@executable_path/Frameworks",
					"@loader_path/Frameworks",
				);
				PRODUCT_BUNDLE_IDENTIFIER = com.lbi.FirstSwiftUIAppTests;
				PRODUCT_NAME = "$(TARGET_NAME)";
				SWIFT_VERSION = 5.0;
				TARGETED_DEVICE_FAMILY = "1,2";
				TEST_HOST = "$(BUILT_PRODUCTS_DIR)/FirstSwiftUIApp.app/FirstSwiftUIApp";
			};
			name = Release;
		};
/* End XCBuildConfiguration section */

/* Begin XCConfigurationList section */
		157C31F2238673DD0063D662 /* Build configuration list for PBXProject "FirstSwiftUIApp" */ = {
			isa = XCConfigurationList;
			buildConfigurations = (
				157C3214238673DF0063D662 /* Debug */,
				157C3215238673DF0063D662 /* Release */,
			);
			defaultConfigurationIsVisible = 0;
			defaultConfigurationName = Release;
		};
		157C3216238673DF0063D662 /* Build configuration list for PBXNativeTarget "FirstSwiftUIApp" */ = {
			isa = XCConfigurationList;
			buildConfigurations = (
				157C3217238673DF0063D662 /* Debug */,
				157C3218238673DF0063D662 /* Release */,
			);
			defaultConfigurationIsVisible = 0;
			defaultConfigurationName = Release;
		};
		157C3219238673DF0063D662 /* Build configuration list for PBXNativeTarget "FirstSwiftUIAppTests" */ = {
			isa = XCConfigurationList;
			buildConfigurations = (
				157C321A238673DF0063D662 /* Debug */,
				157C321B238673DF0063D662 /* Release */,
			);
			defaultConfigurationIsVisible = 0;
			defaultConfigurationName = Release;
		};
/* End XCConfigurationList section */
	};
	rootObject = 157C31EF238673DD0063D662 /* Project object */;
}
